
Microsoft Visual Studio Solution File, Format Version 12.00
# Visual Studio 15
VisualStudioVersion = 15.0.27004.2009
MinimumVisualStudioVersion = 10.0.40219.1
Project("{8BC9CEB8-8B4A-11D0-8D11-00A0C91BC942}") = "Stegonography", "Steganography.vcxproj", "{EB336505-14B5-447E-8776-E83D7124BAA3}"
EndProject
Global
	GlobalSection(SolutionConfigurationPlatforms) = preSolution
		Debug|x64 = Debug|x64
		Debug|x86 = Debug|x86
		Release|x64 = Release|x64
		Release|x86 = Release|x86
	EndGlobalSection
	GlobalSection(ProjectConfigurationPlatforms) = postSolution
		{EB336505-14B5-447E-8776-E83D7124BAA3}.Debug|x64.ActiveCfg = Debug|x64
		{EB336505-14B5-447E-8776-E83D7124BAA3}.Debug|x64.Build.0 = Debug|x64
		{EB336505-14B5-447E-8776-E83D7124BAA3}.Debug|x86.ActiveCfg = Debug|Win32
		{EB336505-14B5-447E-8776-E83D7124BAA3}.Debug|x86.Build.0 = Debug|Win32
		{EB336505-14B5-447E-8776-E83D7124BAA3}.Release|x64.ActiveCfg = Release|x64
		{EB336505-14B5-447E-8776-E83D7124BAA3}.Release|x64.Build.0 = Release|x64
		{EB336505-14B5-447E-8776-E83D7124BAA3}.Release|x86.ActiveCfg = Release|Win32
		{EB336505-14B5-447E-8776-E83D7124BAA3}.Release|x86.Build.0 = Release|Win32
	EndGlobalSection
	GlobalSection(SolutionProperties) = preSolution
		HideSolutionNode = FALSE
	EndGlobalSection
	GlobalSection(ExtensibilityGlobals) = postSolution
		SolutionGuid = {E95B4528-E04F-4A02-B5E2-9CD3996858E3}
	EndGlobalSection
EndGlobal
